
Microsoft Visual Studio Solution File, Format Version 12.00
# Visual Studio Version 16
VisualStudioVersion = 16.0.31112.23
MinimumVisualStudioVersion = 10.0.40219.1
Project("{FAE04EC0-301F-11D3-BF4B-00C04F79EFBC}") = "SeaBattle", "SeaBattle\SeaBattle.csproj", "{4F12C622-56FC-4916-A463-B58DD8B2E573}"
EndProject
Global
	GlobalSection(SolutionConfigurationPlatforms) = preSolution
		Debug|Any CPU = Debug|Any CPU
		Release|Any CPU = Release|Any CPU
	EndGlobalSection
	GlobalSection(ProjectConfigurationPlatforms) = postSolution
		{4F12C622-56FC-4916-A463-B58DD8B2E573}.Debug|Any CPU.ActiveCfg = Debug|Any CPU
		{4F12C622-56FC-4916-A463-B58DD8B2E573}.Debug|Any CPU.Build.0 = Debug|Any CPU
		{4F12C622-56FC-4916-A463-B58DD8B2E573}.Release|Any CPU.ActiveCfg = Release|Any CPU
		{4F12C622-56FC-4916-A463-B58DD8B2E573}.Release|Any CPU.Build.0 = Release|Any CPU
	EndGlobalSection
	GlobalSection(SolutionProperties) = preSolution
		HideSolutionNode = FALSE
	EndGlobalSection
	GlobalSection(ExtensibilityGlobals) = postSolution
		SolutionGuid = {237630F7-C963-4A22-AB68-571528101F3A}
	EndGlobalSection
EndGlobal
